
Microsoft Visual Studio Solution File, Format Version 12.00
# Visual Studio Version 16
VisualStudioVersion = 16.0.31702.278
MinimumVisualStudioVersion = 10.0.40219.1
Project("{9A19103F-16F7-4668-BE54-9A1E7A4F7556}") = "鮮蔬果季_前台", "鮮蔬果季_前台\鮮蔬果季_前台.csproj", "{C972C73A-7208-4310-8F44-6600CE575370}"
EndProject
Global
	GlobalSection(SolutionConfigurationPlatforms) = preSolution
		Debug|Any CPU = Debug|Any CPU
		Release|Any CPU = Release|Any CPU
	EndGlobalSection
	GlobalSection(ProjectConfigurationPlatforms) = postSolution
		{C972C73A-7208-4310-8F44-6600CE575370}.Debug|Any CPU.ActiveCfg = Debug|Any CPU
		{C972C73A-7208-4310-8F44-6600CE575370}.Debug|Any CPU.Build.0 = Debug|Any CPU
		{C972C73A-7208-4310-8F44-6600CE575370}.Release|Any CPU.ActiveCfg = Release|Any CPU
		{C972C73A-7208-4310-8F44-6600CE575370}.Release|Any CPU.Build.0 = Release|Any CPU
	EndGlobalSection
	GlobalSection(SolutionProperties) = preSolution
		HideSolutionNode = FALSE
	EndGlobalSection
	GlobalSection(ExtensibilityGlobals) = postSolution
		SolutionGuid = {C0A0C36E-EDDC-4389-9F2F-249C23BE437A}
	EndGlobalSection
EndGlobal
